PODS:
  - BSGridCollectionViewLayout (1.2.5)
  - BSImagePicker (2.10.3):
    - BSGridCollectionViewLayout (= 1.2.5)
    - BSImageView (= 1.0.3)
  - BSImageView (1.0.3)
  - connectivity (0.0.1):
    - Flutter
    - Reachability
  - connectivity_for_web (0.1.0):
    - Flutter
  - connectivity_macos (0.0.1):
    - Flutter
  - device_info (0.0.1):
    - Flutter
  - Flutter (1.0.0)
  - flutter_custom_dialog (0.0.1):
    - Flutter
  - flutter_webview_plugin (0.0.1):
    - Flutter
  - image_editor (0.0.1):
    - Flutter
  - launch_review (0.0.1):
    - Flutter
  - MMKV (1.2.5):
    - MMKVCore (~> 1.2.5)
  - mmkv_flutter (0.0.1):
    - Flutter
    - MMKV
  - MMKVCore (1.2.5)
  - multi_image_picker (4.6.7):
    - BSImagePicker (~> 2.10.3)
    - Flutter
  - open_file (0.0.1):
    - Flutter
  - package_info (0.0.1):
    - Flutter
  - path_provider (0.0.1):
    - Flutter
  - path_provider_macos (0.0.1):
    - Flutter
  - "permission_handler (5.0.0+hotfix.6)":
    - Flutter
  - Reachability (3.2)
  - share (0.5.2):
    - Flutter
  - shared_preferences (0.0.1):
    - Flutter
  - shared_preferences_macos (0.0.1):
    - Flutter
  - shared_preferences_web (0.0.1):
    - Flutter
  - url_launcher (0.0.1):
    - Flutter
  - url_launcher_macos (0.0.1):
    - Flutter
  - url_launcher_web (0.0.1):
    - Flutter
  - video_player (0.0.1):
    - Flutter
  - video_player_web (0.0.1):
    - Flutter
  - wakelock (0.0.1):
    - Flutter

DEPENDENCIES:
  - connectivity (from `.symlinks/plugins/connectivity/ios`)
  - connectivity_for_web (from `.symlinks/plugins/connectivity_for_web/ios`)
  - connectivity_macos (from `.symlinks/plugins/connectivity_macos/ios`)
  - device_info (from `.symlinks/plugins/device_info/ios`)
  - Flutter (from `Flutter`)
  - flutter_custom_dialog (from `.symlinks/plugins/flutter_custom_dialog/ios`)
  - flutter_webview_plugin (from `.symlinks/plugins/flutter_webview_plugin/ios`)
  - image_editor (from `.symlinks/plugins/image_editor/ios`)
  - launch_review (from `.symlinks/plugins/launch_review/ios`)
  - mmkv_flutter (from `.symlinks/plugins/mmkv_flutter/ios`)
  - multi_image_picker (from `.symlinks/plugins/multi_image_picker/ios`)
  - open_file (from `.symlinks/plugins/open_file/ios`)
  - package_info (from `.symlinks/plugins/package_info/ios`)
  - path_provider (from `.symlinks/plugins/path_provider/ios`)
  - path_provider_macos (from `.symlinks/plugins/path_provider_macos/ios`)
  - permission_handler (from `.symlinks/plugins/permission_handler/ios`)
  - share (from `.symlinks/plugins/share/ios`)
  - shared_preferences (from `.symlinks/plugins/shared_preferences/ios`)
  - shared_preferences_macos (from `.symlinks/plugins/shared_preferences_macos/ios`)
  - shared_preferences_web (from `.symlinks/plugins/shared_preferences_web/ios`)
  - url_launcher (from `.symlinks/plugins/url_launcher/ios`)
  - url_launcher_macos (from `.symlinks/plugins/url_launcher_macos/ios`)
  - url_launcher_web (from `.symlinks/plugins/url_launcher_web/ios`)
  - video_player (from `.symlinks/plugins/video_player/ios`)
  - video_player_web (from `.symlinks/plugins/video_player_web/ios`)
  - wakelock (from `.symlinks/plugins/wakelock/ios`)

SPEC REPOS:
  trunk:
    - BSGridCollectionViewLayout
    - BSImagePicker
    - BSImageView
    - MMKV
    - MMKVCore
    - Reachability

EXTERNAL SOURCES:
  connectivity:
    :path: ".symlinks/plugins/connectivity/ios"
  connectivity_for_web:
    :path: ".symlinks/plugins/connectivity_for_web/ios"
  connectivity_macos:
    :path: ".symlinks/plugins/connectivity_macos/ios"
  device_info:
    :path: ".symlinks/plugins/device_info/ios"
  Flutter:
    :path: Flutter
  flutter_custom_dialog:
    :path: ".symlinks/plugins/flutter_custom_dialog/ios"
  flutter_webview_plugin:
    :path: ".symlinks/plugins/flutter_webview_plugin/ios"
  image_editor:
    :path: ".symlinks/plugins/image_editor/ios"
  launch_review:
    :path: ".symlinks/plugins/launch_review/ios"
  mmkv_flutter:
    :path: ".symlinks/plugins/mmkv_flutter/ios"
  multi_image_picker:
    :path: ".symlinks/plugins/multi_image_picker/ios"
  open_file:
    :path: ".symlinks/plugins/open_file/ios"
  package_info:
    :path: ".symlinks/plugins/package_info/ios"
  path_provider:
    :path: ".symlinks/plugins/path_provider/ios"
  path_provider_macos:
    :path: ".symlinks/plugins/path_provider_macos/ios"
  permission_handler:
    :path: ".symlinks/plugins/permission_handler/ios"
  share:
    :path: ".symlinks/plugins/share/ios"
  shared_preferences:
    :path: ".symlinks/plugins/shared_preferences/ios"
  shared_preferences_macos:
    :path: ".symlinks/plugins/shared_preferences_macos/ios"
  shared_preferences_web:
    :path: ".symlinks/plugins/shared_preferences_web/ios"
  url_launcher:
    :path: ".symlinks/plugins/url_launcher/ios"
  url_launcher_macos:
    :path: ".symlinks/plugins/url_launcher_macos/ios"
  url_launcher_web:
    :path: ".symlinks/plugins/url_launcher_web/ios"
  video_player:
    :path: ".symlinks/plugins/video_player/ios"
  video_player_web:
    :path: ".symlinks/plugins/video_player_web/ios"
  wakelock:
    :path: ".symlinks/plugins/wakelock/ios"

SPEC CHECKSUMS:
  BSGridCollectionViewLayout: 333dcb457a5a3bdd9212607ab5756553dcfe06cb
  BSImagePicker: 07404254f2fcdaf5a2eb403c0f8c337267ce8738
  BSImageView: a149459433a2687157d034c78e059d30ac7f2544
  connectivity: c4130b2985d4ef6fd26f9702e886bd5260681467
  connectivity_for_web: 2b8584556930d4bd490d82b836bcf45067ce345b
  connectivity_macos: e2e9731b6b22dda39eb1b128f6969d574460e191
  device_info: d7d233b645a32c40dfdc212de5cf646ca482f175
  Flutter: 0e3d915762c693b495b44d77113d4970485de6ec
  flutter_custom_dialog: c0d222a3c35af5b57581e54ef8784c94037cd2ec
  flutter_webview_plugin: ed9e8a6a96baf0c867e90e1bce2673913eeac694
  image_editor: d0181032f68c58c9de3c9b8c17291b9a51c9dbb5
  launch_review: 75d5a956ba8eaa493e9c9d4bf4c05e505e8d5ed0
  MMKV: 6c208ddcb4c197e564f72f3f73ef3b0c792e091c
  mmkv_flutter: 511886651aef2c8e65402030d6517602776e8681
  MMKVCore: d9aa23fc6fb698c671c403ec593cdfe7d184e310
  multi_image_picker: 7968ace12b658a9ee51be6514473f5ee5501ea80
  open_file: 02eb5cb6b21264bd3a696876f5afbfb7ca4f4b7d
  package_info: 873975fc26034f0b863a300ad47e7f1ac6c7ec62
  path_provider: abfe2b5c733d04e238b0d8691db0cfd63a27a93c
  path_provider_macos: f760a3c5b04357c380e2fddb6f9db6f3015897e0
  permission_handler: b7a0953389e699927c6217933754cdcd0fa2c5a7
  Reachability: 33e18b67625424e47b6cde6d202dce689ad7af96
  share: 7d22fe8baedfe93aefd864bf0b73f29711fbb0a3
  shared_preferences: af6bfa751691cdc24be3045c43ec037377ada40d
  shared_preferences_macos: f3f29b71ccbb56bf40c9dd6396c9acf15e214087
  shared_preferences_web: 141cce0c3ed1a1c5bf2a0e44f52d31eeb66e5ea9
  url_launcher: 6fef411d543ceb26efce54b05a0a40bfd74cbbef
  url_launcher_macos: fd7894421cd39320dce5f292fc99ea9270b2a313
  url_launcher_web: e5527357f037c87560776e36436bf2b0288b965c
  video_player: 9cc823b1d9da7e8427ee591e8438bfbcde500e6e
  video_player_web: da8cadb8274ed4f8dbee8d7171b420dedd437ce7
  wakelock: 0d4a70faf8950410735e3f61fb15d517c8a6efc4

PODFILE CHECKSUM: c34e2287a9ccaa606aeceab922830efb9a6ff69a

COCOAPODS: 1.9.1
